<?xml version="1.0" encoding="utf-8"?>
<Project ToolsVersion="4.0" xmlns="http://schemas.microsoft.com/developer/msbuild/2003">
  <ItemGroup>
    <Filter Include="源文件">
      <UniqueIdentifier>{4FC737F1-C7A5-4376-A066-2A32D752A2FF}</UniqueIdentifier>
      <Extensions>cpp;c;cc;cxx;def;odl;idl;hpj;bat;asm;asmx</Extensions>
    </Filter>
    <Filter Include="头文件">
      <UniqueIdentifier>{93995380-89BD-4b04-88EB-625FBE52EBFB}</UniqueIdentifier>
      <Extensions>h;hh;hpp;hxx;hm;inl;inc;ipp;xsd</Extensions>
    </Filter>
    <Filter Include="资源文件">
      <UniqueIdentifier>{67DA6AB6-F800-4c08-8B7A-83BB121AAD01}</UniqueIdentifier>
      <Extensions>rc;ico;cur;bmp;dlg;rc2;rct;bin;rgs;gif;jpg;jpeg;jpe;resx;tiff;tif;png;wav;mfcribbon-ms</Extensions>
    </Filter>
  </ItemGroup>
  <ItemGroup>
    <ClInclude Include="centroid.h">
      <Filter>头文件</Filter>
    </ClInclude>
    <ClInclude Include="CentroidTracker.h">
      <Filter>头文件</Filter>
    </ClInclude>
    <ClInclude Include="common.h">
      <Filter>头文件</Filter>
    </ClInclude>
    <ClInclude Include="count_frame.h">
      <Filter>头文件</Filter>
    </ClInclude>
    <ClInclude Include="count_net.h">
      <Filter>头文件</Filter>
    </ClInclude>
    <ClInclude Include="displayWindow.h">
      <Filter>头文件</Filter>
    </ClInclude>
    <ClInclude Include="IndexOfDistance.h">
      <Filter>头文件</Filter>
    </ClInclude>
    <ClInclude Include="myPoint.h">
      <Filter>头文件</Filter>
    </ClInclude>
    <ClInclude Include="TrackableObject.h">
      <Filter>头文件</Filter>
    </ClInclude>
    <ClInclude Include="NativeWindow.h">
      <Filter>头文件</Filter>
    </ClInclude>
    <ClInclude Include="platform.h">
      <Filter>头文件</Filter>
    </ClInclude>
    <ClInclude Include="ffmpeg_playVideo.h">
      <Filter>头文件</Filter>
    </ClInclude>
    <ClInclude Include="count_optFlow.h">
      <Filter>头文件</Filter>
    </ClInclude>
    <ClInclude Include="count_base.h">
      <Filter>头文件</Filter>
    </ClInclude>
  </ItemGroup>
  <ItemGroup>
    <ClCompile Include="centroid.cpp">
      <Filter>源文件</Filter>
    </ClCompile>
    <ClCompile Include="CentroidTracker.cpp">
      <Filter>源文件</Filter>
    </ClCompile>
    <ClCompile Include="count_frame.cpp">
      <Filter>源文件</Filter>
    </ClCompile>
    <ClCompile Include="count_net.cpp">
      <Filter>源文件</Filter>
    </ClCompile>
    <ClCompile Include="displayWindow.cpp">
      <Filter>源文件</Filter>
    </ClCompile>
    <ClCompile Include="IndexOfDistance.cpp">
      <Filter>源文件</Filter>
    </ClCompile>
    <ClCompile Include="myPoint.cpp">
      <Filter>源文件</Filter>
    </ClCompile>
    <ClCompile Include="TrackableObject.cpp">
      <Filter>源文件</Filter>
    </ClCompile>
    <ClCompile Include="w_vision.cpp">
      <Filter>源文件</Filter>
    </ClCompile>
    <ClCompile Include="NativeWindow.cpp">
      <Filter>源文件</Filter>
    </ClCompile>
    <ClCompile Include="ffmpeg_playVideo.cpp">
      <Filter>源文件</Filter>
    </ClCompile>
    <ClCompile Include="count_optFlow.cpp">
      <Filter>源文件</Filter>
    </ClCompile>
    <ClCompile Include="count_base.cpp">
      <Filter>源文件</Filter>
    </ClCompile>
  </ItemGroup>
</Project>